
Microsoft Visual Studio Solution File, Format Version 12.00
# Blend for Visual Studio Version 17
VisualStudioVersion = 17.7.34221.43
MinimumVisualStudioVersion = 10.0.40219.1
Project("{9A19103F-16F7-4668-BE54-9A1E7A4F7556}") = "MailClient", "MailClient.csproj", "{46698E79-B138-4E79-8453-C55E67F06967}"
EndProject
Global
	GlobalSection(SolutionConfigurationPlatforms) = preSolution
		Debug|Any CPU = Debug|Any CPU
		Release|Any CPU = Release|Any CPU
	EndGlobalSection
	GlobalSection(ProjectConfigurationPlatforms) = postSolution
		{46698E79-B138-4E79-8453-C55E67F06967}.Debug|Any CPU.ActiveCfg = Debug|Any CPU
		{46698E79-B138-4E79-8453-C55E67F06967}.Debug|Any CPU.Build.0 = Debug|Any CPU
		{46698E79-B138-4E79-8453-C55E67F06967}.Release|Any CPU.ActiveCfg = Release|Any CPU
		{46698E79-B138-4E79-8453-C55E67F06967}.Release|Any CPU.Build.0 = Release|Any CPU
	EndGlobalSection
	GlobalSection(SolutionProperties) = preSolution
		HideSolutionNode = FALSE
	EndGlobalSection
	GlobalSection(ExtensibilityGlobals) = postSolution
		SolutionGuid = {DF7C9BE1-DB1C-40B0-896C-C03492A57F36}
	EndGlobalSection
EndGlobal
